// !$*UTF8*$!
{
	archiveVersion = 1;
	classes = {
	};
	objectVersion = 77;
	objects = {

/* Begin PBXBuildFile section */
		3067522B2EE202EE000EAAFC /* Auth in Frameworks */ = {isa = PBXBuildFile; productRef = 3067522A2EE202EE000EAAFC /* Auth */; };
		30BBDF4C2EE21F29006FF558 /* Supabase in Frameworks */ = {isa = PBXBuildFile; productRef = 30BBDF4B2EE21F29006FF558 /* Supabase */; };
/* End PBXBuildFile section */

/* Begin PBXContainerItemProxy section */
		304010382E2619F4003A96B5 /* PBXContainerItemProxy */ = {
			isa = PBXContainerItemProxy;
			containerPortal = 3040101F2E2619F0003A96B5 /* Project object */;
			proxyType = 1;
			remoteGlobalIDString = 304010262E2619F1003A96B5;
			remoteInfo = MyCoffeeShop;
		};
		304010422E2619F4003A96B5 /* PBXContainerItemProxy */ = {
			isa = PBXContainerItemProxy;
			containerPortal = 3040101F2E2619F0003A96B5 /* Project object */;
			proxyType = 1;
			remoteGlobalIDString = 304010262E2619F1003A96B5;
			remoteInfo = MyCoffeeShop;
		};
/* End PBXContainerItemProxy section */

/* Begin PBXFileReference section */
		304010272E2619F1003A96B5 /* MyCoffeeShop.app */ = {isa = PBXFileReference; explicitFileType = wrapper.application; includeInIndex = 0; path = MyCoffeeShop.app; sourceTree = BUILT_PRODUCTS_DIR; };
		304010372E2619F4003A96B5 /* MyCoffeeShopTests.xctest */ = {isa = PBXFileReference; explicitFileType = wrapper.cfbundle; includeInIndex = 0; path = MyCoffeeShopTests.xctest; sourceTree = BUILT_PRODUCTS_DIR; };
		304010412E2619F4003A96B5 /* MyCoffeeShopUITests.xctest */ = {isa = PBXFileReference; explicitFileType = wrapper.cfbundle; includeInIndex = 0; path = MyCoffeeShopUITests.xctest; sourceTree = BUILT_PRODUCTS_DIR; };
/* End PBXFileReference section */

/* Begin PBXFileSystemSynchronizedBuildFileExceptionSet section */
		30934C682E46558300EB4E81 /* Exceptions for "MyCoffeeShop" folder in "MyCoffeeShop" target */ = {
			isa = PBXFileSystemSynchronizedBuildFileExceptionSet;
			membershipExceptions = (
				MyCoffeeShopUITests/MyCoffeeShopUITests.swift,
				MyCoffeeShopUITests/MyCoffeeShopUITestsLaunchTests.swift,
			);
			target = 304010262E2619F1003A96B5 /* MyCoffeeShop */;
		};
		30934C692E46558300EB4E81 /* Exceptions for "MyCoffeeShop" folder in "MyCoffeeShopUITests" target */ = {
			isa = PBXFileSystemSynchronizedBuildFileExceptionSet;
			membershipExceptions = (
				MyCoffeeShopUITests/MyCoffeeShopUITests.swift,
				MyCoffeeShopUITests/MyCoffeeShopUITestsLaunchTests.swift,
			);
			target = 304010402E2619F4003A96B5 /* MyCoffeeShopUITests */;
		};
/* End PBXFileSystemSynchronizedBuildFileExceptionSet section */

/* Begin PBXFileSystemSynchronizedRootGroup section */
		304010292E2619F1003A96B5 /* MyCoffeeShop */ = {
			isa = PBXFileSystemSynchronizedRootGroup;
			exceptions = (
				30934C682E46558300EB4E81 /* Exceptions for "MyCoffeeShop" folder in "MyCoffeeShop" target */,
				30934C692E46558300EB4E81 /* Exceptions for "MyCoffeeShop" folder in "MyCoffeeShopUITests" target */,
			);
			path = MyCoffeeShop;
			sourceTree = "<group>";
		};
		3040103A2E2619F4003A96B5 /* MyCoffeeShopTests */ = {
			isa = PBXFileSystemSynchronizedRootGroup;
			path = MyCoffeeShopTests;
			sourceTree = "<group>";
		};
/* End PBXFileSystemSynchronizedRootGroup section */

/* Begin PBXFrameworksBuildPhase section */
		304010242E2619F1003A96B5 /* Frameworks */ = {
			isa = PBXFrameworksBuildPhase;
			buildActionMask = 2147483647;
			files = (
				30BBDF4C2EE21F29006FF558 /* Supabase in Frameworks */,
				3067522B2EE202EE000EAAFC /* Auth in Frameworks */,
			);
			runOnlyForDeploymentPostprocessing = 0;
		};
		304010342E2619F4003A96B5 /* Frameworks */ = {
			isa = PBXFrameworksBuildPhase;
			buildActionMask = 2147483647;
			files = (
			);
			runOnlyForDeploymentPostprocessing = 0;
		};
		3040103E2E2619F4003A96B5 /* Frameworks */ = {
			isa = PBXFrameworksBuildPhase;
			buildActionMask = 2147483647;
			files = (
			);
			runOnlyForDeploymentPostprocessing = 0;
		};
/* End PBXFrameworksBuildPhase section */

/* Begin PBXGroup section */
		3040101E2E2619F0003A96B5 = {
			isa = PBXGroup;
			children = (
				304010292E2619F1003A96B5 /* MyCoffeeShop */,
				3040103A2E2619F4003A96B5 /* MyCoffeeShopTests */,
				3096F2932E8AAD7E006142E7 /* Frameworks */,
				304010282E2619F1003A96B5 /* Products */,
			);
			sourceTree = "<group>";
		};
		304010282E2619F1003A96B5 /* Products */ = {
			isa = PBXGroup;
			children = (
				304010272E2619F1003A96B5 /* MyCoffeeShop.app */,
				304010372E2619F4003A96B5 /* MyCoffeeShopTests.xctest */,
				304010412E2619F4003A96B5 /* MyCoffeeShopUITests.xctest */,
			);
			name = Products;
			sourceTree = "<group>";
		};
		3096F2932E8AAD7E006142E7 /* Frameworks */ = {
			isa = PBXGroup;
			children = (
			);
			name = Frameworks;
			sourceTree = "<group>";
		};
/* End PBXGroup section */

/* Begin PBXNativeTarget section */
		304010262E2619F1003A96B5 /* MyCoffeeShop */ = {
			isa = PBXNativeTarget;
			buildConfigurationList = 3040104B2E2619F4003A96B5 /* Build configuration list for PBXNativeTarget "MyCoffeeShop" */;
			buildPhases = (
				304010232E2619F1003A96B5 /* Sources */,
				304010242E2619F1003A96B5 /* Frameworks */,
				304010252E2619F1003A96B5 /* Resources */,
			);
			buildRules = (
			);
			dependencies = (
			);
			fileSystemSynchronizedGroups = (
				304010292E2619F1003A96B5 /* MyCoffeeShop */,
			);
			name = MyCoffeeShop;
			packageProductDependencies = (
				3067522A2EE202EE000EAAFC /* Auth */,
				30BBDF4B2EE21F29006FF558 /* Supabase */,
			);
			productName = MyCoffeeShop;
			productReference = 304010272E2619F1003A96B5 /* MyCoffeeShop.app */;
			productType = "com.apple.product-type.application";
		};
		304010362E2619F4003A96B5 /* MyCoffeeShopTests */ = {
			isa = PBXNativeTarget;
			buildConfigurationList = 3040104E2E2619F4003A96B5 /* Build configuration list for PBXNativeTarget "MyCoffeeShopTests" */;
			buildPhases = (
				304010332E2619F4003A96B5 /* Sources */,
				304010342E2619F4003A96B5 /* Frameworks */,
				304010352E2619F4003A96B5 /* Resources */,
			);
			buildRules = (
			);
			dependencies = (
				304010392E2619F4003A96B5 /* PBXTargetDependency */,
			);
			fileSystemSynchronizedGroups = (
				3040103A2E2619F4003A96B5 /* MyCoffeeShopTests */,
			);
			name = MyCoffeeShopTests;
			packageProductDependencies = (
			);
			productName = MyCoffeeShopTests;
			productReference = 304010372E2619F4003A96B5 /* MyCoffeeShopTests.xctest */;
			productType = "com.apple.product-type.bundle.unit-test";
		};
		304010402E2619F4003A96B5 /* MyCoffeeShopUITests */ = {
			isa = PBXNativeTarget;
			buildConfigurationList = 304010512E2619F4003A96B5 /* Build configuration list for PBXNativeTarget "MyCoffeeShopUITests" */;
			buildPhases = (
				3040103D2E2619F4003A96B5 /* Sources */,
				3040103E2E2619F4003A96B5 /* Frameworks */,
				3040103F2E2619F4003A96B5 /* Resources */,
			);
			buildRules = (
			);
			dependencies = (
				304010432E2619F4003A96B5 /* PBXTargetDependency */,
			);
			name = MyCoffeeShopUITests;
			packageProductDependencies = (
			);
			productName = MyCoffeeShopUITests;
			productReference = 304010412E2619F4003A96B5 /* MyCoffeeShopUITests.xctest */;
			productType = "com.apple.product-type.bundle.ui-testing";
		};
/* End PBXNativeTarget section */

/* Begin PBXProject section */
		3040101F2E2619F0003A96B5 /* Project object */ = {
			isa = PBXProject;
			attributes = {
				BuildIndependentTargetsInParallel = 1;
				LastSwiftUpdateCheck = 1620;
				LastUpgradeCheck = 2610;
				TargetAttributes = {
					304010262E2619F1003A96B5 = {
						CreatedOnToolsVersion = 16.2;
					};
					304010362E2619F4003A96B5 = {
						CreatedOnToolsVersion = 16.2;
						TestTargetID = 304010262E2619F1003A96B5;
					};
					304010402E2619F4003A96B5 = {
						CreatedOnToolsVersion = 16.2;
						TestTargetID = 304010262E2619F1003A96B5;
					};
				};
			};
			buildConfigurationList = 304010222E2619F0003A96B5 /* Build configuration list for PBXProject "MyCoffeeShop" */;
			developmentRegion = en;
			hasScannedForEncodings = 0;
			knownRegions = (
				en,
				Base,
			);
			mainGroup = 3040101E2E2619F0003A96B5;
			minimizedProjectReferenceProxies = 1;
			packageReferences = (
				306752292EE202EE000EAAFC /* XCRemoteSwiftPackageReference "supabase-swift" */,
			);
			preferredProjectObjectVersion = 77;
			productRefGroup = 304010282E2619F1003A96B5 /* Products */;
			projectDirPath = "";
			projectRoot = "";
			targets = (
				304010262E2619F1003A96B5 /* MyCoffeeShop */,
				304010362E2619F4003A96B5 /* MyCoffeeShopTests */,
				304010402E2619F4003A96B5 /* MyCoffeeShopUITests */,
			);
		};
/* End PBXProject section */

/* Begin PBXResourcesBuildPhase section */
		304010252E2619F1003A96B5 /* Resources */ = {
			isa = PBXResourcesBuildPhase;
			buildActionMask = 2147483647;
			files = (
			);
			runOnlyForDeploymentPostprocessing = 0;
		};
		304010352E2619F4003A96B5 /* Resources */ = {
			isa = PBXResourcesBuildPhase;
			buildActionMask = 2147483647;
			files = (
			);
			runOnlyForDeploymentPostprocessing = 0;
		};
		3040103F2E2619F4003A96B5 /* Resources */ = {
			isa = PBXResourcesBuildPhase;
			buildActionMask = 2147483647;
			files = (
			);
			runOnlyForDeploymentPostprocessing = 0;
		};
/* End PBXResourcesBuildPhase section */

/* Begin PBXSourcesBuildPhase section */
		304010232E2619F1003A96B5 /* Sources */ = {
			isa = PBXSourcesBuildPhase;
			buildActionMask = 2147483647;
			files = (
			);
			runOnlyForDeploymentPostprocessing = 0;
		};
		304010332E2619F4003A96B5 /* Sources */ = {
			isa = PBXSourcesBuildPhase;
			buildActionMask = 2147483647;
			files = (
			);
			runOnlyForDeploymentPostprocessing = 0;
		};
		3040103D2E2619F4003A96B5 /* Sources */ = {
			isa = PBXSourcesBuildPhase;
			buildActionMask = 2147483647;
			files = (
			);
			runOnlyForDeploymentPostprocessing = 0;
		};
/* End PBXSourcesBuildPhase section */

/* Begin PBXTargetDependency section */
		304010392E2619F4003A96B5 /* PBXTargetDependency */ = {
			isa = PBXTargetDependency;
			target = 304010262E2619F1003A96B5 /* MyCoffeeShop */;
			targetProxy = 304010382E2619F4003A96B5 /* PBXContainerItemProxy */;
		};
		304010432E2619F4003A96B5 /* PBXTargetDependency */ = {
			isa = PBXTargetDependency;
			target = 304010262E2619F1003A96B5 /* MyCoffeeShop */;
			targetProxy = 304010422E2619F4003A96B5 /* PBXContainerItemProxy */;
		};
/* End PBXTargetDependency section */

/* Begin XCBuildConfiguration section */
		304010492E2619F4003A96B5 /* Debug */ = {
			isa = XCBuildConfiguration;
			buildSettings = {
				ALWAYS_SEARCH_USER_PATHS = NO;
				ASSETCATALOG_COMPILER_GENERATE_SWIFT_ASSET_SYMBOL_EXTENSIONS = YES;
				CLANG_ANALYZER_NONNULL = YES;
				CLANG_ANALYZER_NUMBER_OBJECT_CONVERSION = YES_AGGRESSIVE;
				CLANG_CXX_LANGUAGE_STANDARD = "gnu++20";
				CLANG_ENABLE_MODULES = YES;
				CLANG_ENABLE_OBJC_ARC = YES;
				CLANG_ENABLE_OBJC_WEAK = YES;
				CLANG_WARN_BLOCK_CAPTURE_AUTORELEASING = YES;
				CLANG_WARN_BOOL_CONVERSION = YES;
				CLANG_WARN_COMMA = YES;
				CLANG_WARN_CONSTANT_CONVERSION = YES;
				CLANG_WARN_DEPRECATED_OBJC_IMPLEMENTATIONS = YES;
				CLANG_WARN_DIRECT_OBJC_ISA_USAGE = YES_ERROR;
				CLANG_WARN_DOCUMENTATION_COMMENTS = YES;
				CLANG_WARN_EMPTY_BODY = YES;
				CLANG_WARN_ENUM_CONVERSION = YES;
				CLANG_WARN_INFINITE_RECURSION = YES;
				CLANG_WARN_INT_CONVERSION = YES;
				CLANG_WARN_NON_LITERAL_NULL_CONVERSION = YES;
				CLANG_WARN_OBJC_IMPLICIT_RETAIN_SELF = YES;
				CLANG_WARN_OBJC_LITERAL_CONVERSION = YES;
				CLANG_WARN_OBJC_ROOT_CLASS = YES_ERROR;
				CLANG_WARN_QUOTED_INCLUDE_IN_FRAMEWORK_HEADER = YES;
				CLANG_WARN_RANGE_LOOP_ANALYSIS = YES;
				CLANG_WARN_STRICT_PROTOTYPES = YES;
				CLANG_WARN_SUSPICIOUS_MOVE = YES;
				CLANG_WARN_UNGUARDED_AVAILABILITY = YES_AGGRESSIVE;
				CLANG_WARN_UNREACHABLE_CODE = YES;
				CLANG_WARN__DUPLICATE_METHOD_MATCH = YES;
				COPY_PHASE_STRIP = NO;
				DEBUG_INFORMATION_FORMAT = dwarf;
				DEVELOPMENT_TEAM = SXQ7VMU6LS;
				ENABLE_STRICT_OBJC_MSGSEND = YES;
				ENABLE_TESTABILITY = YES;
				ENABLE_USER_SCRIPT_SANDBOXING = YES;
				GCC_C_LANGUAGE_STANDARD = gnu17;
				GCC_DYNAMIC_NO_PIC = NO;
				GCC_NO_COMMON_BLOCKS = YES;
				GCC_OPTIMIZATION_LEVEL = 0;
				GCC_PREPROCESSOR_DEFINITIONS = (
					"DEBUG=1",
					"$(inherited)",
				);
				GCC_WARN_64_TO_32_BIT_CONVERSION = YES;
				GCC_WARN_ABOUT_RETURN_TYPE = YES_ERROR;
				GCC_WARN_UNDECLARED_SELECTOR = YES;
				GCC_WARN_UNINITIALIZED_AUTOS = YES_AGGRESSIVE;
				GCC_WARN_UNUSED_FUNCTION = YES;
				GCC_WARN_UNUSED_VARIABLE = YES;
				IPHONEOS_DEPLOYMENT_TARGET = 18.2;
				LOCALIZATION_PREFERS_STRING_CATALOGS = YES;
				MTL_ENABLE_DEBUG_INFO = INCLUDE_SOURCE;
				MTL_FAST_MATH = YES;
				ONLY_ACTIVE_ARCH = YES;
				SDKROOT = iphoneos;
				STRING_CATALOG_GENERATE_SYMBOLS = YES;
				SWIFT_ACTIVE_COMPILATION_CONDITIONS = "DEBUG $(inherited)";
				SWIFT_OPTIMIZATION_LEVEL = "-Onone";
			};
			name = Debug;
		};
		3040104A2E2619F4003A96B5 /* Release */ = {
			isa = XCBuildConfiguration;
			buildSettings = {
				ALWAYS_SEARCH_USER_PATHS = NO;
				ASSETCATALOG_COMPILER_GENERATE_SWIFT_ASSET_SYMBOL_EXTENSIONS = YES;
				CLANG_ANALYZER_NONNULL = YES;
				CLANG_ANALYZER_NUMBER_OBJECT_CONVERSION = YES_AGGRESSIVE;
				CLANG_CXX_LANGUAGE_STANDARD = "gnu++20";
				CLANG_ENABLE_MODULES = YES;
				CLANG_ENABLE_OBJC_ARC = YES;
				CLANG_ENABLE_OBJC_WEAK = YES;
				CLANG_WARN_BLOCK_CAPTURE_AUTORELEASING = YES;
				CLANG_WARN_BOOL_CONVERSION = YES;
				CLANG_WARN_COMMA = YES;
				CLANG_WARN_CONSTANT_CONVERSION = YES;
				CLANG_WARN_DEPRECATED_OBJC_IMPLEMENTATIONS = YES;
				CLANG_WARN_DIRECT_OBJC_ISA_USAGE = YES_ERROR;
				CLANG_WARN_DOCUMENTATION_COMMENTS = YES;
				CLANG_WARN_EMPTY_BODY = YES;
				CLANG_WARN_ENUM_CONVERSION = YES;
				CLANG_WARN_INFINITE_RECURSION = YES;
				CLANG_WARN_INT_CONVERSION = YES;
				CLANG_WARN_NON_LITERAL_NULL_CONVERSION = YES;
				CLANG_WARN_OBJC_IMPLICIT_RETAIN_SELF = YES;
				CLANG_WARN_OBJC_LITERAL_CONVERSION = YES;
				CLANG_WARN_OBJC_ROOT_CLASS = YES_ERROR;
				CLANG_WARN_QUOTED_INCLUDE_IN_FRAMEWORK_HEADER = YES;
				CLANG_WARN_RANGE_LOOP_ANALYSIS = YES;
				CLANG_WARN_STRICT_PROTOTYPES = YES;
				CLANG_WARN_SUSPICIOUS_MOVE = YES;
				CLANG_WARN_UNGUARDED_AVAILABILITY = YES_AGGRESSIVE;
				CLANG_WARN_UNREACHABLE_CODE = YES;
				CLANG_WARN__DUPLICATE_METHOD_MATCH = YES;
				COPY_PHASE_STRIP = NO;
				DEBUG_INFORMATION_FORMAT = "dwarf-with-dsym";
				DEVELOPMENT_TEAM = SXQ7VMU6LS;
				ENABLE_NS_ASSERTIONS = NO;
				ENABLE_STRICT_OBJC_MSGSEND = YES;
				ENABLE_USER_SCRIPT_SANDBOXING = YES;
				GCC_C_LANGUAGE_STANDARD = gnu17;
				GCC_NO_COMMON_BLOCKS = YES;
				GCC_WARN_64_TO_32_BIT_CONVERSION = YES;
				GCC_WARN_ABOUT_RETURN_TYPE = YES_ERROR;
				GCC_WARN_UNDECLARED_SELECTOR = YES;
				GCC_WARN_UNINITIALIZED_AUTOS = YES_AGGRESSIVE;
				GCC_WARN_UNUSED_FUNCTION = YES;
				GCC_WARN_UNUSED_VARIABLE = YES;
				IPHONEOS_DEPLOYMENT_TARGET = 18.2;
				LOCALIZATION_PREFERS_STRING_CATALOGS = YES;
				MTL_ENABLE_DEBUG_INFO = NO;
				MTL_FAST_MATH = YES;
				SDKROOT = iphoneos;
				STRING_CATALOG_GENERATE_SYMBOLS = YES;
				SWIFT_COMPILATION_MODE = wholemodule;
				VALIDATE_PRODUCT = YES;
			};
			name = Release;
		};
		3040104C2E2619F4003A96B5 /* Debug */ = {
			isa = XCBuildConfiguration;
			buildSettings = {
				ASSETCATALOG_COMPILER_APPICON_NAME = AppIcon;
				ASSETCATALOG_COMPILER_GLOBAL_ACCENT_COLOR_NAME = AccentColor;
				CODE_SIGN_STYLE = Automatic;
				CURRENT_PROJECT_VERSION = 1;
				DEVELOPMENT_ASSET_PATHS = "\"MyCoffeeShop/Preview Content\"";
				ENABLE_PREVIEWS = YES;
				GENERATE_INFOPLIST_FILE = YES;
				INFOPLIST_KEY_UIApplicationSceneManifest_Generation = YES;
				INFOPLIST_KEY_UIApplicationSupportsIndirectInputEvents = YES;
				INFOPLIST_KEY_UILaunchScreen_Generation = YES;
				INFOPLIST_KEY_UISupportedInterfaceOrientations_iPad = "UIInterfaceOrientationPortrait UIInterfaceOrientationPortraitUpsideDown UIInterfaceOrientationLandscapeLeft UIInterfaceOrientationLandscapeRight";
				INFOPLIST_KEY_UISupportedInterfaceOrientations_iPhone = "UIInterfaceOrientationPortrait UIInterfaceOrientationLandscapeLeft UIInterfaceOrientationLandscapeRight";
				LD_RUNPATH_SEARCH_PATHS = (
					"$(inherited)",
					"@executable_path/Frameworks",
				);
				MARKETING_VERSION = 1.0;
				PRODUCT_BUNDLE_IDENTIFIER = coffee.MyCoffeeShop;
				PRODUCT_NAME = "$(TARGET_NAME)";
				SWIFT_EMIT_LOC_STRINGS = YES;
				SWIFT_VERSION = 5.0;
				TARGETED_DEVICE_FAMILY = "1,2";
			};
			name = Debug;
		};
		3040104D2E2619F4003A96B5 /* Release */ = {
			isa = XCBuildConfiguration;
			buildSettings = {
				ASSETCATALOG_COMPILER_APPICON_NAME = AppIcon;
				ASSETCATALOG_COMPILER_GLOBAL_ACCENT_COLOR_NAME = AccentColor;
				CODE_SIGN_STYLE = Automatic;
				CURRENT_PROJECT_VERSION = 1;
				DEVELOPMENT_ASSET_PATHS = "\"MyCoffeeShop/Preview Content\"";
				ENABLE_PREVIEWS = YES;
				GENERATE_INFOPLIST_FILE = YES;
				INFOPLIST_KEY_UIApplicationSceneManifest_Generation = YES;
				INFOPLIST_KEY_UIApplicationSupportsIndirectInputEvents = YES;
				INFOPLIST_KEY_UILaunchScreen_Generation = YES;
				INFOPLIST_KEY_UISupportedInterfaceOrientations_iPad = "UIInterfaceOrientationPortrait UIInterfaceOrientationPortraitUpsideDown UIInterfaceOrientationLandscapeLeft UIInterfaceOrientationLandscapeRight";
				INFOPLIST_KEY_UISupportedInterfaceOrientations_iPhone = "UIInterfaceOrientationPortrait UIInterfaceOrientationLandscapeLeft UIInterfaceOrientationLandscapeRight";
				LD_RUNPATH_SEARCH_PATHS = (
					"$(inherited)",
					"@executable_path/Frameworks",
				);
				MARKETING_VERSION = 1.0;
				PRODUCT_BUNDLE_IDENTIFIER = coffee.MyCoffeeShop;
				PRODUCT_NAME = "$(TARGET_NAME)";
				SWIFT_EMIT_LOC_STRINGS = YES;
				SWIFT_VERSION = 5.0;
				TARGETED_DEVICE_FAMILY = "1,2";
			};
			name = Release;
		};
		3040104F2E2619F4003A96B5 /* Debug */ = {
			isa = XCBuildConfiguration;
			buildSettings = {
				BUNDLE_LOADER = "$(TEST_HOST)";
				CODE_SIGN_STYLE = Automatic;
				CURRENT_PROJECT_VERSION = 1;
				GENERATE_INFOPLIST_FILE = YES;
				IPHONEOS_DEPLOYMENT_TARGET = 18.2;
				MARKETING_VERSION = 1.0;
				PRODUCT_BUNDLE_IDENTIFIER = coffee.MyCoffeeShopTests;
				PRODUCT_NAME = "$(TARGET_NAME)";
				SWIFT_EMIT_LOC_STRINGS = NO;
				SWIFT_VERSION = 5.0;
				TARGETED_DEVICE_FAMILY = "1,2";
				TEST_HOST = "$(BUILT_PRODUCTS_DIR)/MyCoffeeShop.app/$(BUNDLE_EXECUTABLE_FOLDER_PATH)/MyCoffeeShop";
			};
			name = Debug;
		};
		304010502E2619F4003A96B5 /* Release */ = {
			isa = XCBuildConfiguration;
			buildSettings = {
				BUNDLE_LOADER = "$(TEST_HOST)";
				CODE_SIGN_STYLE = Automatic;
				CURRENT_PROJECT_VERSION = 1;
				GENERATE_INFOPLIST_FILE = YES;
				IPHONEOS_DEPLOYMENT_TARGET = 18.2;
				MARKETING_VERSION = 1.0;
				PRODUCT_BUNDLE_IDENTIFIER = coffee.MyCoffeeShopTests;
				PRODUCT_NAME = "$(TARGET_NAME)";
				SWIFT_EMIT_LOC_STRINGS = NO;
				SWIFT_VERSION = 5.0;
				TARGETED_DEVICE_FAMILY = "1,2";
				TEST_HOST = "$(BUILT_PRODUCTS_DIR)/MyCoffeeShop.app/$(BUNDLE_EXECUTABLE_FOLDER_PATH)/MyCoffeeShop";
			};
			name = Release;
		};
		304010522E2619F4003A96B5 /* Debug */ = {
			isa = XCBuildConfiguration;
			buildSettings = {
				CODE_SIGN_STYLE = Automatic;
				CURRENT_PROJECT_VERSION = 1;
				GENERATE_INFOPLIST_FILE = YES;
				MARKETING_VERSION = 1.0;
				PRODUCT_BUNDLE_IDENTIFIER = coffee.MyCoffeeShopUITests;
				PRODUCT_NAME = "$(TARGET_NAME)";
				SWIFT_EMIT_LOC_STRINGS = NO;
				SWIFT_VERSION = 5.0;
				TARGETED_DEVICE_FAMILY = "1,2";
				TEST_TARGET_NAME = MyCoffeeShop;
			};
			name = Debug;
		};
		304010532E2619F4003A96B5 /* Release */ = {
			isa = XCBuildConfiguration;
			buildSettings = {
				CODE_SIGN_STYLE = Automatic;
				CURRENT_PROJECT_VERSION = 1;
				GENERATE_INFOPLIST_FILE = YES;
				MARKETING_VERSION = 1.0;
				PRODUCT_BUNDLE_IDENTIFIER = coffee.MyCoffeeShopUITests;
				PRODUCT_NAME = "$(TARGET_NAME)";
				SWIFT_EMIT_LOC_STRINGS = NO;
				SWIFT_VERSION = 5.0;
				TARGETED_DEVICE_FAMILY = "1,2";
				TEST_TARGET_NAME = MyCoffeeShop;
			};
			name = Release;
		};
/* End XCBuildConfiguration section */

/* Begin XCConfigurationList section */
		304010222E2619F0003A96B5 /* Build configuration list for PBXProject "MyCoffeeShop" */ = {
			isa = XCConfigurationList;
			buildConfigurations = (
				304010492E2619F4003A96B5 /* Debug */,
				3040104A2E2619F4003A96B5 /* Release */,
			);
			defaultConfigurationIsVisible = 0;
			defaultConfigurationName = Release;
		};
		3040104B2E2619F4003A96B5 /* Build configuration list for PBXNativeTarget "MyCoffeeShop" */ = {
			isa = XCConfigurationList;
			buildConfigurations = (
				3040104C2E2619F4003A96B5 /* Debug */,
				3040104D2E2619F4003A96B5 /* Release */,
			);
			defaultConfigurationIsVisible = 0;
			defaultConfigurationName = Release;
		};
		3040104E2E2619F4003A96B5 /* Build configuration list for PBXNativeTarget "MyCoffeeShopTests" */ = {
			isa = XCConfigurationList;
			buildConfigurations = (
				3040104F2E2619F4003A96B5 /* Debug */,
				304010502E2619F4003A96B5 /* Release */,
			);
			defaultConfigurationIsVisible = 0;
			defaultConfigurationName = Release;
		};
		304010512E2619F4003A96B5 /* Build configuration list for PBXNativeTarget "MyCoffeeShopUITests" */ = {
			isa = XCConfigurationList;
			buildConfigurations = (
				304010522E2619F4003A96B5 /* Debug */,
				304010532E2619F4003A96B5 /* Release */,
			);
			defaultConfigurationIsVisible = 0;
			defaultConfigurationName = Release;
		};
/* End XCConfigurationList section */

/* Begin XCRemoteSwiftPackageReference section */
		306752292EE202EE000EAAFC /* XCRemoteSwiftPackageReference "supabase-swift" */ = {
			isa = XCRemoteSwiftPackageReference;
			repositoryURL = "https://github.com/supabase/supabase-swift";
			requirement = {
				kind = upToNextMajorVersion;
				minimumVersion = 2.5.1;
			};
		};
/* End XCRemoteSwiftPackageReference section */

/* Begin XCSwiftPackageProductDependency section */
		3067522A2EE202EE000EAAFC /* Auth */ = {
			isa = XCSwiftPackageProductDependency;
			package = 306752292EE202EE000EAAFC /* XCRemoteSwiftPackageReference "supabase-swift" */;
			productName = Auth;
		};
		30BBDF4B2EE21F29006FF558 /* Supabase */ = {
			isa = XCSwiftPackageProductDependency;
			package = 306752292EE202EE000EAAFC /* XCRemoteSwiftPackageReference "supabase-swift" */;
			productName = Supabase;
		};
/* End XCSwiftPackageProductDependency section */
	};
	rootObject = 3040101F2E2619F0003A96B5 /* Project object */;
}
